
Microsoft Visual Studio Solution File, Format Version 12.00
# Visual Studio Version 17
VisualStudioVersion = 17.4.33213.308
MinimumVisualStudioVersion = 10.0.40219.1
Project("{FAE04EC0-301F-11D3-BF4B-00C04F79EFBC}") = "Ejercicio_semana4", "Ejercicio_semana4\Ejercicio_semana4.csproj", "{585DD84F-D41D-4641-8035-2A753BA0BED3}"
EndProject
Global
	GlobalSection(SolutionConfigurationPlatforms) = preSolution
		Debug|Any CPU = Debug|Any CPU
		Release|Any CPU = Release|Any CPU
	EndGlobalSection
	GlobalSection(ProjectConfigurationPlatforms) = postSolution
		{585DD84F-D41D-4641-8035-2A753BA0BED3}.Debug|Any CPU.ActiveCfg = Debug|Any CPU
		{585DD84F-D41D-4641-8035-2A753BA0BED3}.Debug|Any CPU.Build.0 = Debug|Any CPU
		{585DD84F-D41D-4641-8035-2A753BA0BED3}.Release|Any CPU.ActiveCfg = Release|Any CPU
		{585DD84F-D41D-4641-8035-2A753BA0BED3}.Release|Any CPU.Build.0 = Release|Any CPU
	EndGlobalSection
	GlobalSection(SolutionProperties) = preSolution
		HideSolutionNode = FALSE
	EndGlobalSection
	GlobalSection(ExtensibilityGlobals) = postSolution
		SolutionGuid = {0D9DD483-1434-4647-BC34-4C0BEF293493}
	EndGlobalSection
EndGlobal
